
Microsoft Visual Studio Solution File, Format Version 12.00
# Visual Studio 15
VisualStudioVersion = 15.0.27428.2002
MinimumVisualStudioVersion = 10.0.40219.1
Project("{FAE04EC0-301F-11D3-BF4B-00C04F79EFBC}") = "AdaptiveCards.WPF", "AdaptiveCards.WPF\AdaptiveCards.WPF.csproj", "{EA7D1897-C858-429F-9EFE-F108142FF118}"
EndProject
Project("{C7167F0D-BC9F-4E6E-AFE1-012C56B48DB5}") = "AdaptiveCards.Package", "AdaptiveCards.Package\AdaptiveCards.Package.wapproj", "{BBB0E805-66A7-47DD-AE16-E28BA3D046C1}"
EndProject
Project("{FAE04EC0-301F-11D3-BF4B-00C04F79EFBC}") = "AdaptiveCards.Function", "AdaptiveCards.Function\AdaptiveCards.Function.csproj", "{D169B857-D711-4BE7-A7C3-FE2A59F338F9}"
EndProject
Project("{FAE04EC0-301F-11D3-BF4B-00C04F79EFBC}") = "AdaptiveCards.Parser", "AdaptiveCards.Parser\AdaptiveCards.Parser.csproj", "{54E1F534-D950-4956-9F8E-C49B319B1598}"
EndProject
Project("{FAE04EC0-301F-11D3-BF4B-00C04F79EFBC}") = "AdaptiveCards.Bot", "AdaptiveCards.Bot\AdaptiveCards.Bot.csproj", "{D13822CE-2FBF-4167-9EDD-14CCE627375D}"
EndProject
Global
	GlobalSection(SolutionConfigurationPlatforms) = preSolution
		Debug|Any CPU = Debug|Any CPU
		Debug|x64 = Debug|x64
		Debug|x86 = Debug|x86
		Release|Any CPU = Release|Any CPU
		Release|x64 = Release|x64
		Release|x86 = Release|x86
	EndGlobalSection
	GlobalSection(ProjectConfigurationPlatforms) = postSolution
		{EA7D1897-C858-429F-9EFE-F108142FF118}.Debug|Any CPU.ActiveCfg = Debug|Any CPU
		{EA7D1897-C858-429F-9EFE-F108142FF118}.Debug|Any CPU.Build.0 = Debug|Any CPU
		{EA7D1897-C858-429F-9EFE-F108142FF118}.Debug|x64.ActiveCfg = Debug|Any CPU
		{EA7D1897-C858-429F-9EFE-F108142FF118}.Debug|x64.Build.0 = Debug|Any CPU
		{EA7D1897-C858-429F-9EFE-F108142FF118}.Debug|x86.ActiveCfg = Debug|Any CPU
		{EA7D1897-C858-429F-9EFE-F108142FF118}.Debug|x86.Build.0 = Debug|Any CPU
		{EA7D1897-C858-429F-9EFE-F108142FF118}.Release|Any CPU.ActiveCfg = Release|Any CPU
		{EA7D1897-C858-429F-9EFE-F108142FF118}.Release|Any CPU.Build.0 = Release|Any CPU
		{EA7D1897-C858-429F-9EFE-F108142FF118}.Release|x64.ActiveCfg = Release|Any CPU
		{EA7D1897-C858-429F-9EFE-F108142FF118}.Release|x64.Build.0 = Release|Any CPU
		{EA7D1897-C858-429F-9EFE-F108142FF118}.Release|x86.ActiveCfg = Release|Any CPU
		{EA7D1897-C858-429F-9EFE-F108142FF118}.Release|x86.Build.0 = Release|Any CPU
		{BBB0E805-66A7-47DD-AE16-E28BA3D046C1}.Debug|Any CPU.ActiveCfg = Debug|Any CPU
		{BBB0E805-66A7-47DD-AE16-E28BA3D046C1}.Debug|Any CPU.Build.0 = Debug|Any CPU
		{BBB0E805-66A7-47DD-AE16-E28BA3D046C1}.Debug|Any CPU.Deploy.0 = Debug|Any CPU
		{BBB0E805-66A7-47DD-AE16-E28BA3D046C1}.Debug|x64.ActiveCfg = Debug|x64
		{BBB0E805-66A7-47DD-AE16-E28BA3D046C1}.Debug|x64.Build.0 = Debug|x64
		{BBB0E805-66A7-47DD-AE16-E28BA3D046C1}.Debug|x64.Deploy.0 = Debug|x64
		{BBB0E805-66A7-47DD-AE16-E28BA3D046C1}.Debug|x86.ActiveCfg = Debug|x86
		{BBB0E805-66A7-47DD-AE16-E28BA3D046C1}.Debug|x86.Build.0 = Debug|x86
		{BBB0E805-66A7-47DD-AE16-E28BA3D046C1}.Debug|x86.Deploy.0 = Debug|x86
		{BBB0E805-66A7-47DD-AE16-E28BA3D046C1}.Release|Any CPU.ActiveCfg = Release|Any CPU
		{BBB0E805-66A7-47DD-AE16-E28BA3D046C1}.Release|Any CPU.Build.0 = Release|Any CPU
		{BBB0E805-66A7-47DD-AE16-E28BA3D046C1}.Release|Any CPU.Deploy.0 = Release|Any CPU
		{BBB0E805-66A7-47DD-AE16-E28BA3D046C1}.Release|x64.ActiveCfg = Release|x64
		{BBB0E805-66A7-47DD-AE16-E28BA3D046C1}.Release|x64.Build.0 = Release|x64
		{BBB0E805-66A7-47DD-AE16-E28BA3D046C1}.Release|x64.Deploy.0 = Release|x64
		{BBB0E805-66A7-47DD-AE16-E28BA3D046C1}.Release|x86.ActiveCfg = Release|x86
		{BBB0E805-66A7-47DD-AE16-E28BA3D046C1}.Release|x86.Build.0 = Release|x86
		{BBB0E805-66A7-47DD-AE16-E28BA3D046C1}.Release|x86.Deploy.0 = Release|x86
		{D169B857-D711-4BE7-A7C3-FE2A59F338F9}.Debug|Any CPU.ActiveCfg = Debug|Any CPU
		{D169B857-D711-4BE7-A7C3-FE2A59F338F9}.Debug|Any CPU.Build.0 = Debug|Any CPU
		{D169B857-D711-4BE7-A7C3-FE2A59F338F9}.Debug|x64.ActiveCfg = Debug|Any CPU
		{D169B857-D711-4BE7-A7C3-FE2A59F338F9}.Debug|x64.Build.0 = Debug|Any CPU
		{D169B857-D711-4BE7-A7C3-FE2A59F338F9}.Debug|x86.ActiveCfg = Debug|Any CPU
		{D169B857-D711-4BE7-A7C3-FE2A59F338F9}.Debug|x86.Build.0 = Debug|Any CPU
		{D169B857-D711-4BE7-A7C3-FE2A59F338F9}.Release|Any CPU.ActiveCfg = Release|Any CPU
		{D169B857-D711-4BE7-A7C3-FE2A59F338F9}.Release|Any CPU.Build.0 = Release|Any CPU
		{D169B857-D711-4BE7-A7C3-FE2A59F338F9}.Release|x64.ActiveCfg = Release|Any CPU
		{D169B857-D711-4BE7-A7C3-FE2A59F338F9}.Release|x64.Build.0 = Release|Any CPU
		{D169B857-D711-4BE7-A7C3-FE2A59F338F9}.Release|x86.ActiveCfg = Release|Any CPU
		{D169B857-D711-4BE7-A7C3-FE2A59F338F9}.Release|x86.Build.0 = Release|Any CPU
		{54E1F534-D950-4956-9F8E-C49B319B1598}.Debug|Any CPU.ActiveCfg = Debug|Any CPU
		{54E1F534-D950-4956-9F8E-C49B319B1598}.Debug|Any CPU.Build.0 = Debug|Any CPU
		{54E1F534-D950-4956-9F8E-C49B319B1598}.Debug|x64.ActiveCfg = Debug|Any CPU
		{54E1F534-D950-4956-9F8E-C49B319B1598}.Debug|x64.Build.0 = Debug|Any CPU
		{54E1F534-D950-4956-9F8E-C49B319B1598}.Debug|x86.ActiveCfg = Debug|Any CPU
		{54E1F534-D950-4956-9F8E-C49B319B1598}.Debug|x86.Build.0 = Debug|Any CPU
		{54E1F534-D950-4956-9F8E-C49B319B1598}.Release|Any CPU.ActiveCfg = Release|Any CPU
		{54E1F534-D950-4956-9F8E-C49B319B1598}.Release|Any CPU.Build.0 = Release|Any CPU
		{54E1F534-D950-4956-9F8E-C49B319B1598}.Release|x64.ActiveCfg = Release|Any CPU
		{54E1F534-D950-4956-9F8E-C49B319B1598}.Release|x64.Build.0 = Release|Any CPU
		{54E1F534-D950-4956-9F8E-C49B319B1598}.Release|x86.ActiveCfg = Release|Any CPU
		{54E1F534-D950-4956-9F8E-C49B319B1598}.Release|x86.Build.0 = Release|Any CPU
		{D13822CE-2FBF-4167-9EDD-14CCE627375D}.Debug|Any CPU.ActiveCfg = Debug|Any CPU
		{D13822CE-2FBF-4167-9EDD-14CCE627375D}.Debug|Any CPU.Build.0 = Debug|Any CPU
		{D13822CE-2FBF-4167-9EDD-14CCE627375D}.Debug|x64.ActiveCfg = Debug|Any CPU
		{D13822CE-2FBF-4167-9EDD-14CCE627375D}.Debug|x64.Build.0 = Debug|Any CPU
		{D13822CE-2FBF-4167-9EDD-14CCE627375D}.Debug|x86.ActiveCfg = Debug|Any CPU
		{D13822CE-2FBF-4167-9EDD-14CCE627375D}.Debug|x86.Build.0 = Debug|Any CPU
		{D13822CE-2FBF-4167-9EDD-14CCE627375D}.Release|Any CPU.ActiveCfg = Release|Any CPU
		{D13822CE-2FBF-4167-9EDD-14CCE627375D}.Release|Any CPU.Build.0 = Release|Any CPU
		{D13822CE-2FBF-4167-9EDD-14CCE627375D}.Release|x64.ActiveCfg = Release|Any CPU
		{D13822CE-2FBF-4167-9EDD-14CCE627375D}.Release|x64.Build.0 = Release|Any CPU
		{D13822CE-2FBF-4167-9EDD-14CCE627375D}.Release|x86.ActiveCfg = Release|Any CPU
		{D13822CE-2FBF-4167-9EDD-14CCE627375D}.Release|x86.Build.0 = Release|Any CPU
	EndGlobalSection
	GlobalSection(SolutionProperties) = preSolution
		HideSolutionNode = FALSE
	EndGlobalSection
	GlobalSection(ExtensibilityGlobals) = postSolution
		SolutionGuid = {F8467AAF-BB5D-4EF2-B5D7-09C458C63B65}
	EndGlobalSection
EndGlobal
